
Microsoft Visual Studio Solution File, Format Version 12.00
# Visual Studio Version 16
VisualStudioVersion = 16.0.30114.105
MinimumVisualStudioVersion = 10.0.40219.1
Project("{FAE04EC0-301F-11D3-BF4B-00C04F79EFBC}") = "MyClasses", "MyClasses\MyClasses.csproj", "{65CC66AD-9BAD-4F16-B48D-4DD01142693B}"
EndProject
Project("{2150E333-8FDC-42A3-9474-1A3956D46DE8}") = "Seminar", "Seminar", "{626646FC-8D46-4B44-88DC-F8AF650481FF}"
EndProject
Project("{FAE04EC0-301F-11D3-BF4B-00C04F79EFBC}") = "task7_1_proba", "Seminar\task7_1_proba\task7_1_proba.csproj", "{1DCDB618-0B1C-4B09-9EE7-BBA9B9128B17}"
EndProject
Global
	GlobalSection(SolutionConfigurationPlatforms) = preSolution
		Debug|Any CPU = Debug|Any CPU
		Release|Any CPU = Release|Any CPU
	EndGlobalSection
	GlobalSection(SolutionProperties) = preSolution
		HideSolutionNode = FALSE
	EndGlobalSection
	GlobalSection(ProjectConfigurationPlatforms) = postSolution
		{65CC66AD-9BAD-4F16-B48D-4DD01142693B}.Debug|Any CPU.ActiveCfg = Debug|Any CPU
		{65CC66AD-9BAD-4F16-B48D-4DD01142693B}.Debug|Any CPU.Build.0 = Debug|Any CPU
		{65CC66AD-9BAD-4F16-B48D-4DD01142693B}.Release|Any CPU.ActiveCfg = Release|Any CPU
		{65CC66AD-9BAD-4F16-B48D-4DD01142693B}.Release|Any CPU.Build.0 = Release|Any CPU
		{1DCDB618-0B1C-4B09-9EE7-BBA9B9128B17}.Debug|Any CPU.ActiveCfg = Debug|Any CPU
		{1DCDB618-0B1C-4B09-9EE7-BBA9B9128B17}.Debug|Any CPU.Build.0 = Debug|Any CPU
		{1DCDB618-0B1C-4B09-9EE7-BBA9B9128B17}.Release|Any CPU.ActiveCfg = Release|Any CPU
		{1DCDB618-0B1C-4B09-9EE7-BBA9B9128B17}.Release|Any CPU.Build.0 = Release|Any CPU
	EndGlobalSection
	GlobalSection(NestedProjects) = preSolution
		{1DCDB618-0B1C-4B09-9EE7-BBA9B9128B17} = {626646FC-8D46-4B44-88DC-F8AF650481FF}
	EndGlobalSection
EndGlobal
